
Microsoft Visual Studio Solution File, Format Version 12.00
# Visual Studio Version 17
VisualStudioVersion = 17.13.35931.197 d17.13
MinimumVisualStudioVersion = 10.0.40219.1
Project("{FAE04EC0-301F-11D3-BF4B-00C04F79EFBC}") = "DevFreela.API", "DevFreela.API\DevFreela.API.csproj", "{A71B727C-338D-4543-9A98-7A06452940A0}"
EndProject
Global
	GlobalSection(SolutionConfigurationPlatforms) = preSolution
		Debug|Any CPU = Debug|Any CPU
		Release|Any CPU = Release|Any CPU
	EndGlobalSection
	GlobalSection(ProjectConfigurationPlatforms) = postSolution
		{A71B727C-338D-4543-9A98-7A06452940A0}.Debug|Any CPU.ActiveCfg = Debug|Any CPU
		{A71B727C-338D-4543-9A98-7A06452940A0}.Debug|Any CPU.Build.0 = Debug|Any CPU
		{A71B727C-338D-4543-9A98-7A06452940A0}.Release|Any CPU.ActiveCfg = Release|Any CPU
		{A71B727C-338D-4543-9A98-7A06452940A0}.Release|Any CPU.Build.0 = Release|Any CPU
	EndGlobalSection
	GlobalSection(SolutionProperties) = preSolution
		HideSolutionNode = FALSE
	EndGlobalSection
	GlobalSection(ExtensibilityGlobals) = postSolution
		SolutionGuid = {5DFC038D-DA5B-4B33-AA83-913240B4E25C}
	EndGlobalSection
EndGlobal
